lockfileVersion: '9.0'

settings:
  autoInstallPeers: true
  excludeLinksFromLockfile: false

importers:

  .:
    dependencies:
      '@aptos-labs/ts-sdk':
        specifier: ^1.26.0
        version: 1.27.1
      tree-kill:
        specifier: ^1.2.2
        version: 1.2.2
    devDependencies:
      '@types/node':
        specifier: ^20.14.1
        version: 20.16.5
      dotenv:
        specifier: 16.3.1
        version: 16.3.1

packages:

  '@aptos-labs/aptos-cli@0.2.0':
    resolution: {integrity: sha512-6kljJFRsTLXCvgkNhBoOLhVyo7rmih+8+XAtdeciIXkZYwzwVS3TFPLMqBUO2HcY6gYtQQRmTG52R5ihyi/bXA==}
    hasBin: true

  '@aptos-labs/aptos-client@0.1.1':
    resolution: {integrity: sha512-kJsoy4fAPTOhzVr7Vwq8s/AUg6BQiJDa7WOqRzev4zsuIS3+JCuIZ6vUd7UBsjnxtmguJJulMRs9qWCzVBt2XA==}
    engines: {node: '>=15.10.0'}

  '@aptos-labs/ts-sdk@1.27.1':
    resolution: {integrity: sha512-QS4BlivXQy/uJgXcNOfXNjv8l+MSd+qQ256mY/Jc6iaWbfn69nRYh6chjSyLot4fHA49QxlZlWh1mJLlfNdtow==}
    engines: {node: '>=11.0.0'}

  '@noble/curves@1.6.0':
    resolution: {integrity: sha512-TlaHRXDehJuRNR9TfZDNQ45mMEd5dwUwmicsafcIX4SsNiqnCHKjE/1alYPd/lDRVhxdhUAlv8uEhMCI5zjIJQ==}
    engines: {node: ^14.21.3 || >=16}

  '@noble/hashes@1.5.0':
    resolution: {integrity: sha512-1j6kQFb7QRru7eKN3ZDvRcP13rugwdxZqCjbiAVZfIJwgj2A65UmT4TgARXGlXgnRkORLTDTrO19ZErt7+QXgA==}
    engines: {node: ^14.21.3 || >=16}

  '@scure/base@1.1.8':
    resolution: {integrity: sha512-6CyAclxj3Nb0XT7GHK6K4zK6k2xJm6E4Ft0Ohjt4WgegiFUHEtFb2CGzmPmGBwoIhrLsqNLYfLr04Y1GePrzZg==}

  '@scure/bip32@1.5.0':
    resolution: {integrity: sha512-8EnFYkqEQdnkuGBVpCzKxyIwDCBLDVj3oiX0EKUFre/tOjL/Hqba1D6n/8RcmaQy4f95qQFrO2A8Sr6ybh4NRw==}

  '@scure/bip39@1.4.0':
    resolution: {integrity: sha512-BEEm6p8IueV/ZTfQLp/0vhw4NPnT9oWf5+28nvmeUICjP99f4vr2d+qc7AVGDDtwRep6ifR43Yed9ERVmiITzw==}

  '@sindresorhus/is@4.6.0':
    resolution: {integrity: sha512-t09vSN3MdfsyCHoFcTRCH/iUtG7OJ0CsjzB8cjAmKc/va/kIgeDI/TxsigdncE/4be734m0cvIYwNaV4i2XqAw==}
    engines: {node: '>=10'}

  '@szmarczak/http-timer@4.0.6':
    resolution: {integrity: sha512-4BAffykYOgO+5nzBWYwE3W90sBgLJoUPRWWcL8wlyiM8IB8ipJz3UMJ9KXQd1RKQXpKp8Tutn80HZtWsu2u76w==}
    engines: {node: '>=10'}

  '@types/cacheable-request@6.0.3':
    resolution: {integrity: sha512-IQ3EbTzGxIigb1I3qPZc1rWJnH0BmSKv5QYTalEwweFvyBDLSAe24zP0le/hyi7ecGfZVlIVAg4BZqb8WBwKqw==}

  '@types/http-cache-semantics@4.0.4':
    resolution: {integrity: sha512-1m0bIFVc7eJWyve9S0RnuRgcQqF/Xd5QsUZAZeQFr1Q3/p9JWoQQEqmVy+DPTNpGXwhgIetAoYF8JSc33q29QA==}

  '@types/keyv@3.1.4':
    resolution: {integrity: sha512-BQ5aZNSCpj7D6K2ksrRCTmKRLEpnPvWDiLPfoGyhZ++8YtiK9d/3DBKPJgry359X/P1PfruyYwvnvwFjuEiEIg==}

  '@types/node@20.16.5':
    resolution: {integrity: sha512-VwYCweNo3ERajwy0IUlqqcyZ8/A7Zwa9ZP3MnENWcB11AejO+tLy3pu850goUW2FC/IJMdZUfKpX/yxL1gymCA==}

  '@types/responselike@1.0.3':
    resolution: {integrity: sha512-H/+L+UkTV33uf49PH5pCAUBVPNj2nDBXTN+qS1dOwyyg24l3CcicicCA7ca+HMvJBZcFgl5r8e+RR6elsb4Lyw==}

  asynckit@0.4.0:
    resolution: {integrity: sha512-Oei9OH4tRh0YqU3GxhX79dM/mwVgvbZJaSNaRk+bshkj0S5cfHcgYakreBjrHwatXKbz+IoIdYLxrKim2MjW0Q==}

  axios@1.7.4:
    resolution: {integrity: sha512-DukmaFRnY6AzAALSH4J2M3k6PkaC+MfaAGdEERRWcC9q3/TWQwLpHR8ZRLKTdQ3aBDL64EdluRDjJqKw+BPZEw==}

  cacheable-lookup@5.0.4:
    resolution: {integrity: sha512-2/kNscPhpcxrOigMZzbiWF7dz8ilhb/nIHU3EyZiXWXpeq/au8qJ8VhdftMkty3n7Gj6HIGalQG8oiBNB3AJgA==}
    engines: {node: '>=10.6.0'}

  cacheable-request@7.0.4:
    resolution: {integrity: sha512-v+p6ongsrp0yTGbJXjgxPow2+DL93DASP4kXCDKb8/bwRtt9OEF3whggkkDkGNzgcWy2XaF4a8nZglC7uElscg==}
    engines: {node: '>=8'}

  clone-response@1.0.3:
    resolution: {integrity: sha512-ROoL94jJH2dUVML2Y/5PEDNaSHgeOdSDicUyS7izcF63G6sTc/FTjLub4b8Il9S8S0beOfYt0TaA5qvFK+w0wA==}

  combined-stream@1.0.8:
    resolution: {integrity: sha512-FQN4MRfuJeHf7cBbBMJFXhKSDq+2kAArBlmRBvcvFE5BB1HZKXtSFASDhdlz9zOYwxh8lDdnvmMOe/+5cdoEdg==}
    engines: {node: '>= 0.8'}

  decompress-response@6.0.0:
    resolution: {integrity: sha512-aW35yZM6Bb/4oJlZncMH2LCoZtJXTRxES17vE3hoRiowU2kWHaJKFkSBDnDR+cm9J+9QhXmREyIfv0pji9ejCQ==}
    engines: {node: '>=10'}

  defer-to-connect@2.0.1:
    resolution: {integrity: sha512-4tvttepXG1VaYGrRibk5EwJd1t4udunSOVMdLSAL6mId1ix438oPwPZMALY41FCijukO1L0twNcGsdzS7dHgDg==}
    engines: {node: '>=10'}

  delayed-stream@1.0.0:
    resolution: {integrity: sha512-ZySD7Nf91aLB0RxL4KGrKHBXl7Eds1DAmEdcoVawXnLD7SDhpNgtuII2aAkg7a7QS41jxPSZ17p4VdGnMHk3MQ==}
    engines: {node: '>=0.4.0'}

  dotenv@16.3.1:
    resolution: {integrity: sha512-IPzF4w4/Rd94bA9imS68tZBaYyBWSCE47V1RGuMrB94iyTOIEwRmVL2x/4An+6mETpLrKJ5hQkB8W4kFAadeIQ==}
    engines: {node: '>=12'}

  end-of-stream@1.4.4:
    resolution: {integrity: sha512-+uw1inIHVPQoaVuHzRyXd21icM+cnt4CzD5rW+NC1wjOUSTOs+Te7FOv7AhN7vS9x/oIyhLP5PR1H+phQAHu5Q==}

  eventemitter3@5.0.1:
    resolution: {integrity: sha512-GWkBvjiSZK87ELrYOSESUYeVIc9mvLLf/nXalMOS5dYrgZq9o5OVkbZAVM06CVxYsCwH9BDZFPlQTlPA1j4ahA==}

  follow-redirects@1.15.9:
    resolution: {integrity: sha512-gew4GsXizNgdoRyqmyfMHyAmXsZDk6mHkSxZFCzW9gwlbtOW44CDtYavM+y+72qD/Vq2l550kMF52DT8fOLJqQ==}
    engines: {node: '>=4.0'}
    peerDependencies:
      debug: '*'
    peerDependenciesMeta:
      debug:
        optional: true

  form-data@4.0.0:
    resolution: {integrity: sha512-ETEklSGi5t0QMZuiXoA/Q6vcnxcLQP5vdugSpuAyi6SVGi2clPPp+xgEhuMaHC+zGgn31Kd235W35f7Hykkaww==}
    engines: {node: '>= 6'}

  get-stream@5.2.0:
    resolution: {integrity: sha512-nBF+F1rAZVCu/p7rjzgA+Yb4lfYXrpl7a6VmJrU8wF9I1CKvP/QwPNZHnOlwbTkY6dvtFIzFMSyQXbLoTQPRpA==}
    engines: {node: '>=8'}

  got@11.8.6:
    resolution: {integrity: sha512-6tfZ91bOr7bOXnK7PRDCGBLa1H4U080YHNaAQ2KsMGlLEzRbk44nsZF2E1IeRc3vtJHPVbKCYgdFbaGO2ljd8g==}
    engines: {node: '>=10.19.0'}

  http-cache-semantics@4.1.1:
    resolution: {integrity: sha512-er295DKPVsV82j5kw1Gjt+ADA/XYHsajl82cGNQG2eyoPkvgUhX+nDIyelzhIWbbsXP39EHcI6l5tYs2FYqYXQ==}

  http2-wrapper@1.0.3:
    resolution: {integrity: sha512-V+23sDMr12Wnz7iTcDeJr3O6AIxlnvT/bmaAAAP/Xda35C90p9599p0F1eHR/N1KILWSoWVAiOMFjBBXaXSMxg==}
    engines: {node: '>=10.19.0'}

  js-base64@3.7.7:
    resolution: {integrity: sha512-7rCnleh0z2CkXhH67J8K1Ytz0b2Y+yxTPL+/KOJoa20hfnVQ/3/T6W/KflYI4bRHRagNeXeU2bkNGI3v1oS/lw==}

  json-buffer@3.0.1:
    resolution: {integrity: sha512-4bV5BfR2mqfQTJm+V5tPPdf+ZpuhiIvTuAB5g8kcrXOZpTT/QwwVRWBywX1ozr6lEuPdbHxwaJlm9G6mI2sfSQ==}

  jwt-decode@4.0.0:
    resolution: {integrity: sha512-+KJGIyHgkGuIq3IEBNftfhW/LfWhXUIY6OmyVWjliu5KH1y0fw7VQ8YndE2O4qZdMSd9SqbnC8GOcZEy0Om7sA==}
    engines: {node: '>=18'}

  keyv@4.5.4:
    resolution: {integrity: sha512-oxVHkHR/EJf2CNXnWxRLW6mg7JyCCUcG0DtEGmL2ctUo1PNTin1PUil+r/+4r5MpVgC/fn1kjsx7mjSujKqIpw==}

  lowercase-keys@2.0.0:
    resolution: {integrity: sha512-tqNXrS78oMOE73NMxK4EMLQsQowWf8jKooH9g7xPavRT706R6bkQJ6DY2Te7QukaZsulxa30wQ7bk0pm4XiHmA==}
    engines: {node: '>=8'}

  mime-db@1.52.0:
    resolution: {integrity: sha512-sPU4uV7dYlvtWJxwwxHD0PuihVNiE7TyAbQ5SWxDCB9mUYvOgroQOwYQQOKPJ8CIbE+1ETVlOoK1UC2nU3gYvg==}
    engines: {node: '>= 0.6'}

  mime-types@2.1.35:
    resolution: {integrity: sha512-ZDY+bPm5zTTF+YpCrAU9nK0UgICYPT0QtT1NZWFv4s++TNkcgVaT0g6+4R2uI4MjQjzysHB1zxuWL50hzaeXiw==}
    engines: {node: '>= 0.6'}

  mimic-response@1.0.1:
    resolution: {integrity: sha512-j5EctnkH7amfV/q5Hgmoal1g2QHFJRraOtmx0JpIqkxhBhI/lJSl1nMpQ45hVarwNETOoWEimndZ4QK0RHxuxQ==}
    engines: {node: '>=4'}

  mimic-response@3.1.0:
    resolution: {integrity: sha512-z0yWI+4FDrrweS8Zmt4Ej5HdJmky15+L2e6Wgn3+iK5fWzb6T3fhNFq2+MeTRb064c6Wr4N/wv0DzQTjNzHNGQ==}
    engines: {node: '>=10'}

  normalize-url@6.1.0:
    resolution: {integrity: sha512-DlL+XwOy3NxAQ8xuC0okPgK46iuVNAK01YN7RueYBqqFeGsBjV9XmCAzAdgt+667bCl5kPh9EqKKDwnaPG1I7A==}
    engines: {node: '>=10'}

  once@1.4.0:
    resolution: {integrity: sha512-lNaJgI+2Q5URQBkccEKHTQOPaXdUxnZZElQTZY0MFUAuaEqe1E+Nyvgdz/aIyNi6Z9MzO5dv1H8n58/GELp3+w==}

  p-cancelable@2.1.1:
    resolution: {integrity: sha512-BZOr3nRQHOntUjTrH8+Lh54smKHoHyur8We1V8DSMVrl5A2malOOwuJRnKRDjSnkoeBh4at6BwEnb5I7Jl31wg==}
    engines: {node: '>=8'}

  poseidon-lite@0.2.1:
    resolution: {integrity: sha512-xIr+G6HeYfOhCuswdqcFpSX47SPhm0EpisWJ6h7fHlWwaVIvH3dLnejpatrtw6Xc6HaLrpq05y7VRfvDmDGIog==}

  proxy-from-env@1.1.0:
    resolution: {integrity: sha512-D+zkORCbA9f1tdWRK0RaCR3GPv50cMxcrz4X8k5LTSUD1Dkw47mKJEZQNunItRTkWwgtaUSo1RVFRIG9ZXiFYg==}

  pump@3.0.2:
    resolution: {integrity: sha512-tUPXtzlGM8FE3P0ZL6DVs/3P58k9nk8/jZeQCurTJylQA8qFYzHFfhBJkuqyE0FifOsQ0uKWekiZ5g8wtr28cw==}

  quick-lru@5.1.1:
    resolution: {integrity: sha512-WuyALRjWPDGtt/wzJiadO5AXY+8hZ80hVpe6MyivgraREW751X3SbhRvG3eLKOYN+8VEvqLcf3wdnt44Z4S4SA==}
    engines: {node: '>=10'}

  resolve-alpn@1.2.1:
    resolution: {integrity: sha512-0a1F4l73/ZFZOakJnQ3FvkJ2+gSTQWz/r2KE5OdDY0TxPm5h4GkqkWWfM47T7HsbnOtcJVEF4epCVy6u7Q3K+g==}

  responselike@2.0.1:
    resolution: {integrity: sha512-4gl03wn3hj1HP3yzgdI7d3lCkF95F21Pz4BPGvKHinyQzALR5CapwC8yIi0Rh58DEMQ/SguC03wFj2k0M/mHhw==}

  tree-kill@1.2.2:
    resolution: {integrity: sha512-L0Orpi8qGpRG//Nd+H90vFB+3iHnue1zSSGmNOOCh1GLJ7rUKVwV2HvijphGQS2UmhUZewS9VgvxYIdgr+fG1A==}
    hasBin: true

  undici-types@6.19.8:
    resolution: {integrity: sha512-ve2KP6f/JnbPBFyobGHuerC9g1FYGn/F8n1LWTwNxCEzd6IfqTwUQcNXgEtmmQ6DlRrC1hrSrBnCZPokRrDHjw==}

  wrappy@1.0.2:
    resolution: {integrity: sha512-l4Sp/DRseor9wL6EvV2+TuQn63dMkPjZ/sp9XkghTEbV9KlPS1xUsZ3u7/IQO4wxtcFB4bgpQPRcR3QCvezPcQ==}

snapshots:

  '@aptos-labs/aptos-cli@0.2.0': {}

  '@aptos-labs/aptos-client@0.1.1':
    dependencies:
      axios: 1.7.4
      got: 11.8.6
    transitivePeerDependencies:
      - debug

  '@aptos-labs/ts-sdk@1.27.1':
    dependencies:
      '@aptos-labs/aptos-cli': 0.2.0
      '@aptos-labs/aptos-client': 0.1.1
      '@noble/curves': 1.6.0
      '@noble/hashes': 1.5.0
      '@scure/bip32': 1.5.0
      '@scure/bip39': 1.4.0
      eventemitter3: 5.0.1
      form-data: 4.0.0
      js-base64: 3.7.7
      jwt-decode: 4.0.0
      poseidon-lite: 0.2.1
    transitivePeerDependencies:
      - debug

  '@noble/curves@1.6.0':
    dependencies:
      '@noble/hashes': 1.5.0

  '@noble/hashes@1.5.0': {}

  '@scure/base@1.1.8': {}

  '@scure/bip32@1.5.0':
    dependencies:
      '@noble/curves': 1.6.0
      '@noble/hashes': 1.5.0
      '@scure/base': 1.1.8

  '@scure/bip39@1.4.0':
    dependencies:
      '@noble/hashes': 1.5.0
      '@scure/base': 1.1.8

  '@sindresorhus/is@4.6.0': {}

  '@szmarczak/http-timer@4.0.6':
    dependencies:
      defer-to-connect: 2.0.1

  '@types/cacheable-request@6.0.3':
    dependencies:
      '@types/http-cache-semantics': 4.0.4
      '@types/keyv': 3.1.4
      '@types/node': 20.16.5
      '@types/responselike': 1.0.3

  '@types/http-cache-semantics@4.0.4': {}

  '@types/keyv@3.1.4':
    dependencies:
      '@types/node': 20.16.5

  '@types/node@20.16.5':
    dependencies:
      undici-types: 6.19.8

  '@types/responselike@1.0.3':
    dependencies:
      '@types/node': 20.16.5

  asynckit@0.4.0: {}

  axios@1.7.4:
    dependencies:
      follow-redirects: 1.15.9
      form-data: 4.0.0
      proxy-from-env: 1.1.0
    transitivePeerDependencies:
      - debug

  cacheable-lookup@5.0.4: {}

  cacheable-request@7.0.4:
    dependencies:
      clone-response: 1.0.3
      get-stream: 5.2.0
      http-cache-semantics: 4.1.1
      keyv: 4.5.4
      lowercase-keys: 2.0.0
      normalize-url: 6.1.0
      responselike: 2.0.1

  clone-response@1.0.3:
    dependencies:
      mimic-response: 1.0.1

  combined-stream@1.0.8:
    dependencies:
      delayed-stream: 1.0.0

  decompress-response@6.0.0:
    dependencies:
      mimic-response: 3.1.0

  defer-to-connect@2.0.1: {}

  delayed-stream@1.0.0: {}

  dotenv@16.3.1: {}

  end-of-stream@1.4.4:
    dependencies:
      once: 1.4.0

  eventemitter3@5.0.1: {}

  follow-redirects@1.15.9: {}

  form-data@4.0.0:
    dependencies:
      asynckit: 0.4.0
      combined-stream: 1.0.8
      mime-types: 2.1.35

  get-stream@5.2.0:
    dependencies:
      pump: 3.0.2

  got@11.8.6:
    dependencies:
      '@sindresorhus/is': 4.6.0
      '@szmarczak/http-timer': 4.0.6
      '@types/cacheable-request': 6.0.3
      '@types/responselike': 1.0.3
      cacheable-lookup: 5.0.4
      cacheable-request: 7.0.4
      decompress-response: 6.0.0
      http2-wrapper: 1.0.3
      lowercase-keys: 2.0.0
      p-cancelable: 2.1.1
      responselike: 2.0.1

  http-cache-semantics@4.1.1: {}

  http2-wrapper@1.0.3:
    dependencies:
      quick-lru: 5.1.1
      resolve-alpn: 1.2.1

  js-base64@3.7.7: {}

  json-buffer@3.0.1: {}

  jwt-decode@4.0.0: {}

  keyv@4.5.4:
    dependencies:
      json-buffer: 3.0.1

  lowercase-keys@2.0.0: {}

  mime-db@1.52.0: {}

  mime-types@2.1.35:
    dependencies:
      mime-db: 1.52.0

  mimic-response@1.0.1: {}

  mimic-response@3.1.0: {}

  normalize-url@6.1.0: {}

  once@1.4.0:
    dependencies:
      wrappy: 1.0.2

  p-cancelable@2.1.1: {}

  poseidon-lite@0.2.1: {}

  proxy-from-env@1.1.0: {}

  pump@3.0.2:
    dependencies:
      end-of-stream: 1.4.4
      once: 1.4.0

  quick-lru@5.1.1: {}

  resolve-alpn@1.2.1: {}

  responselike@2.0.1:
    dependencies:
      lowercase-keys: 2.0.0

  tree-kill@1.2.2: {}

  undici-types@6.19.8: {}

  wrappy@1.0.2: {}
